
Microsoft Visual Studio Solution File, Format Version 12.00
# Visual Studio Version 16
VisualStudioVersion = 16.0.28803.352
MinimumVisualStudioVersion = 10.0.40219.1
Project("{9A19103F-16F7-4668-BE54-9A1E7A4F7556}") = "Alice", "Alice\Alice.csproj", "{DC7BAF9B-79AF-4550-B30C-F1CEB7544B0F}"
EndProject
Project("{FAE04EC0-301F-11D3-BF4B-00C04F79EFBC}") = "ConsoleAppTest", "ConsoleAppTest\ConsoleAppTest.csproj", "{EA9C8935-DC02-4C51-94C6-3123C7C2325E}"
EndProject
Global
	GlobalSection(SolutionConfigurationPlatforms) = preSolution
		Debug|Any CPU = Debug|Any CPU
		Release|Any CPU = Release|Any CPU
	EndGlobalSection
	GlobalSection(ProjectConfigurationPlatforms) = postSolution
		{DC7BAF9B-79AF-4550-B30C-F1CEB7544B0F}.Debug|Any CPU.ActiveCfg = Debug|Any CPU
		{DC7BAF9B-79AF-4550-B30C-F1CEB7544B0F}.Debug|Any CPU.Build.0 = Debug|Any CPU
		{DC7BAF9B-79AF-4550-B30C-F1CEB7544B0F}.Release|Any CPU.ActiveCfg = Release|Any CPU
		{DC7BAF9B-79AF-4550-B30C-F1CEB7544B0F}.Release|Any CPU.Build.0 = Release|Any CPU
		{EA9C8935-DC02-4C51-94C6-3123C7C2325E}.Debug|Any CPU.ActiveCfg = Debug|Any CPU
		{EA9C8935-DC02-4C51-94C6-3123C7C2325E}.Debug|Any CPU.Build.0 = Debug|Any CPU
		{EA9C8935-DC02-4C51-94C6-3123C7C2325E}.Release|Any CPU.ActiveCfg = Release|Any CPU
		{EA9C8935-DC02-4C51-94C6-3123C7C2325E}.Release|Any CPU.Build.0 = Release|Any CPU
	EndGlobalSection
	GlobalSection(SolutionProperties) = preSolution
		HideSolutionNode = FALSE
	EndGlobalSection
	GlobalSection(ExtensibilityGlobals) = postSolution
		SolutionGuid = {6CECE0D8-368D-421B-9261-EF0EE040F14C}
	EndGlobalSection
EndGlobal
